
Microsoft Visual Studio Solution File, Format Version 12.00
# Visual Studio 14
VisualStudioVersion = 14.0.25420.1
MinimumVisualStudioVersion = 10.0.40219.1
Project("{2150E333-8FDC-42A3-9474-1A3956D46DE8}") = "Solution Items", "Solution Items", "{1C27358F-3DB6-4F3B-8FD0-7D82EE691688}"
	ProjectSection(SolutionItems) = preProject
		..\appveyor.yml = ..\appveyor.yml
		..\build.cake = ..\build.cake
		..\nuspec\Picton.nuspec = ..\nuspec\Picton.nuspec
		..\README.md = ..\README.md
	EndProjectSection
EndProject
Project("{2150E333-8FDC-42A3-9474-1A3956D46DE8}") = "Source", "Source", "{0C6E479D-E557-456D-9F5A-E2E447A694CD}"
EndProject
Project("{2150E333-8FDC-42A3-9474-1A3956D46DE8}") = "Tests", "Tests", "{6C9EB647-4B1E-406C-9638-B73755D6DD5B}"
EndProject
Project("{8BB2217D-0F2D-49D1-97BC-3654ED321F3B}") = "Picton", "Picton\Picton.xproj", "{8607EEA2-D4BA-4D26-9BAE-9AE465025485}"
EndProject
Project("{8BB2217D-0F2D-49D1-97BC-3654ED321F3B}") = "Picton.IntegrationTests", "Picton.IntegrationTests\Picton.IntegrationTests.xproj", "{C23B65C7-343A-4A34-B889-CEB294124B34}"
EndProject
Project("{8BB2217D-0F2D-49D1-97BC-3654ED321F3B}") = "Picton.UnitTests", "Picton.UnitTests\Picton.UnitTests.xproj", "{E2639AEA-5006-410D-9D4A-58DDD9F3F1E1}"
EndProject
Global
	GlobalSection(SolutionConfigurationPlatforms) = preSolution
		Debug|Any CPU = Debug|Any CPU
		Release|Any CPU = Release|Any CPU
	EndGlobalSection
	GlobalSection(ProjectConfigurationPlatforms) = postSolution
		{8607EEA2-D4BA-4D26-9BAE-9AE465025485}.Debug|Any CPU.ActiveCfg = Debug|Any CPU
		{8607EEA2-D4BA-4D26-9BAE-9AE465025485}.Debug|Any CPU.Build.0 = Debug|Any CPU
		{8607EEA2-D4BA-4D26-9BAE-9AE465025485}.Release|Any CPU.ActiveCfg = Release|Any CPU
		{8607EEA2-D4BA-4D26-9BAE-9AE465025485}.Release|Any CPU.Build.0 = Release|Any CPU
		{C23B65C7-343A-4A34-B889-CEB294124B34}.Debug|Any CPU.ActiveCfg = Debug|Any CPU
		{C23B65C7-343A-4A34-B889-CEB294124B34}.Debug|Any CPU.Build.0 = Debug|Any CPU
		{C23B65C7-343A-4A34-B889-CEB294124B34}.Release|Any CPU.ActiveCfg = Release|Any CPU
		{C23B65C7-343A-4A34-B889-CEB294124B34}.Release|Any CPU.Build.0 = Release|Any CPU
		{E2639AEA-5006-410D-9D4A-58DDD9F3F1E1}.Debug|Any CPU.ActiveCfg = Debug|Any CPU
		{E2639AEA-5006-410D-9D4A-58DDD9F3F1E1}.Debug|Any CPU.Build.0 = Debug|Any CPU
		{E2639AEA-5006-410D-9D4A-58DDD9F3F1E1}.Release|Any CPU.ActiveCfg = Release|Any CPU
		{E2639AEA-5006-410D-9D4A-58DDD9F3F1E1}.Release|Any CPU.Build.0 = Release|Any CPU
		{98BE8A69-3BCB-41B5-AEFF-73B7C989E41A}.Debug|Any CPU.ActiveCfg = Debug|Any CPU
		{98BE8A69-3BCB-41B5-AEFF-73B7C989E41A}.Debug|Any CPU.Build.0 = Debug|Any CPU
		{98BE8A69-3BCB-41B5-AEFF-73B7C989E41A}.Release|Any CPU.ActiveCfg = Release|Any CPU
		{98BE8A69-3BCB-41B5-AEFF-73B7C989E41A}.Release|Any CPU.Build.0 = Release|Any CPU
	EndGlobalSection
	GlobalSection(SolutionProperties) = preSolution
		HideSolutionNode = FALSE
	EndGlobalSection
	GlobalSection(NestedProjects) = preSolution
		{8607EEA2-D4BA-4D26-9BAE-9AE465025485} = {0C6E479D-E557-456D-9F5A-E2E447A694CD}
		{C23B65C7-343A-4A34-B889-CEB294124B34} = {6C9EB647-4B1E-406C-9638-B73755D6DD5B}
		{E2639AEA-5006-410D-9D4A-58DDD9F3F1E1} = {6C9EB647-4B1E-406C-9638-B73755D6DD5B}
		{98BE8A69-3BCB-41B5-AEFF-73B7C989E41A} = {6C9EB647-4B1E-406C-9638-B73755D6DD5B}
	EndGlobalSection
EndGlobal
