
Microsoft Visual Studio Solution File, Format Version 12.00
# Visual Studio 15
VisualStudioVersion = 15.0.26430.15
MinimumVisualStudioVersion = 10.0.40219.1
Project("{2150E333-8FDC-42A3-9474-1A3956D46DE8}") = "Solution Items", "Solution Items", "{1C27358F-3DB6-4F3B-8FD0-7D82EE691688}"
	ProjectSection(SolutionItems) = preProject
		..\appveyor.yml = ..\appveyor.yml
		..\build.cake = ..\build.cake
		..\nuspec\Picton.nuspec = ..\nuspec\Picton.nuspec
		Picton.ruleset = Picton.ruleset
		..\README.md = ..\README.md
	EndProjectSection
EndProject
Project("{2150E333-8FDC-42A3-9474-1A3956D46DE8}") = "Source", "Source", "{0C6E479D-E557-456D-9F5A-E2E447A694CD}"
EndProject
Project("{2150E333-8FDC-42A3-9474-1A3956D46DE8}") = "Tests", "Tests", "{6C9EB647-4B1E-406C-9638-B73755D6DD5B}"
EndProject
Project("{9A19103F-16F7-4668-BE54-9A1E7A4F7556}") = "Picton", "Picton\Picton.csproj", "{8607EEA2-D4BA-4D26-9BAE-9AE465025485}"
EndProject
Project("{9A19103F-16F7-4668-BE54-9A1E7A4F7556}") = "Picton.UnitTests", "Picton.UnitTests\Picton.UnitTests.csproj", "{636FB659-2B0C-4617-8A75-B3A285C9D1E7}"
EndProject
Project("{9A19103F-16F7-4668-BE54-9A1E7A4F7556}") = "Picton.IntegrationTests", "Picton.IntegrationTests\Picton.IntegrationTests.csproj", "{5082AEE6-40B9-4F38-91DD-3B0661F9DC60}"
EndProject
Global
	GlobalSection(SolutionConfigurationPlatforms) = preSolution
		Debug|Any CPU = Debug|Any CPU
		Release|Any CPU = Release|Any CPU
	EndGlobalSection
	GlobalSection(ProjectConfigurationPlatforms) = postSolution
		{8607EEA2-D4BA-4D26-9BAE-9AE465025485}.Debug|Any CPU.ActiveCfg = Debug|Any CPU
		{8607EEA2-D4BA-4D26-9BAE-9AE465025485}.Debug|Any CPU.Build.0 = Debug|Any CPU
		{8607EEA2-D4BA-4D26-9BAE-9AE465025485}.Release|Any CPU.ActiveCfg = Release|Any CPU
		{8607EEA2-D4BA-4D26-9BAE-9AE465025485}.Release|Any CPU.Build.0 = Release|Any CPU
		{636FB659-2B0C-4617-8A75-B3A285C9D1E7}.Debug|Any CPU.ActiveCfg = Debug|Any CPU
		{636FB659-2B0C-4617-8A75-B3A285C9D1E7}.Debug|Any CPU.Build.0 = Debug|Any CPU
		{636FB659-2B0C-4617-8A75-B3A285C9D1E7}.Release|Any CPU.ActiveCfg = Release|Any CPU
		{636FB659-2B0C-4617-8A75-B3A285C9D1E7}.Release|Any CPU.Build.0 = Release|Any CPU
		{5082AEE6-40B9-4F38-91DD-3B0661F9DC60}.Debug|Any CPU.ActiveCfg = Debug|Any CPU
		{5082AEE6-40B9-4F38-91DD-3B0661F9DC60}.Debug|Any CPU.Build.0 = Debug|Any CPU
		{5082AEE6-40B9-4F38-91DD-3B0661F9DC60}.Release|Any CPU.ActiveCfg = Release|Any CPU
		{5082AEE6-40B9-4F38-91DD-3B0661F9DC60}.Release|Any CPU.Build.0 = Release|Any CPU
	EndGlobalSection
	GlobalSection(SolutionProperties) = preSolution
		HideSolutionNode = FALSE
	EndGlobalSection
	GlobalSection(NestedProjects) = preSolution
		{8607EEA2-D4BA-4D26-9BAE-9AE465025485} = {0C6E479D-E557-456D-9F5A-E2E447A694CD}
		{636FB659-2B0C-4617-8A75-B3A285C9D1E7} = {6C9EB647-4B1E-406C-9638-B73755D6DD5B}
		{5082AEE6-40B9-4F38-91DD-3B0661F9DC60} = {6C9EB647-4B1E-406C-9638-B73755D6DD5B}
	EndGlobalSection
EndGlobal
